
Microsoft Visual Studio Solution File, Format Version 12.00
# Visual Studio 15
VisualStudioVersion = 15.0.28107.0
MinimumVisualStudioVersion = 10.0.40219.1
Project("{E24C65DC-7377-472B-9ABA-BC803B73C61A}") = "ColoredCube_singleColor", "ColoredCube_singleColor\", "{6B00989F-4C72-4CBE-B7FC-FECE3C2362DB}"
	ProjectSection(WebsiteProperties) = preProject
		TargetFrameworkMoniker = ".NETFramework,Version%3Dv4.6.1"
		Debug.AspNetCompiler.VirtualPath = "/localhost_62762"
		Debug.AspNetCompiler.PhysicalPath = "ColoredCube_singleColor\"
		Debug.AspNetCompiler.TargetPath = "PrecompiledWeb\localhost_62762\"
		Debug.AspNetCompiler.Updateable = "true"
		Debug.AspNetCompiler.ForceOverwrite = "true"
		Debug.AspNetCompiler.FixedNames = "false"
		Debug.AspNetCompiler.Debug = "True"
		Release.AspNetCompiler.VirtualPath = "/localhost_62762"
		Release.AspNetCompiler.PhysicalPath = "ColoredCube_singleColor\"
		Release.AspNetCompiler.TargetPath = "PrecompiledWeb\localhost_62762\"
		Release.AspNetCompiler.Updateable = "true"
		Release.AspNetCompiler.ForceOverwrite = "true"
		Release.AspNetCompiler.FixedNames = "false"
		Release.AspNetCompiler.Debug = "False"
		VWDPort = "62762"
		SlnRelativePath = "ColoredCube_singleColor\"
		DefaultWebSiteLanguage = "Visual C#"
	EndProjectSection
EndProject
Global
	GlobalSection(SolutionConfigurationPlatforms) = preSolution
		Debug|Any CPU = Debug|Any CPU
	EndGlobalSection
	GlobalSection(ProjectConfigurationPlatforms) = postSolution
		{6B00989F-4C72-4CBE-B7FC-FECE3C2362DB}.Debug|Any CPU.ActiveCfg = Debug|Any CPU
		{6B00989F-4C72-4CBE-B7FC-FECE3C2362DB}.Debug|Any CPU.Build.0 = Debug|Any CPU
	EndGlobalSection
	GlobalSection(SolutionProperties) = preSolution
		HideSolutionNode = FALSE
	EndGlobalSection
	GlobalSection(ExtensibilityGlobals) = postSolution
		SolutionGuid = {FD5991E7-2BA5-4496-98A6-3044EB07D93F}
	EndGlobalSection
EndGlobal
